// !$*UTF8*$!
{
	archiveVersion = 1;
	classes = {
	};
	objectVersion = 56;
	objects = {

/* Begin PBXBuildFile section */
		011FD8542A56974400D536BC /* main.swift in Sources */ = {isa = PBXBuildFile; fileRef = 011FD8532A56974400D536BC /* main.swift */; };
		011FD85B2A56976B00D536BC /* Mesurable.swift in Sources */ = {isa = PBXBuildFile; fileRef = 011FD85A2A56976B00D536BC /* Mesurable.swift */; };
		011FD85D2A5697A100D536BC /* Circle.swift in Sources */ = {isa = PBXBuildFile; fileRef = 011FD85C2A5697A100D536BC /* Circle.swift */; };
		011FD85F2A56991300D536BC /* Rectangle.swift in Sources */ = {isa = PBXBuildFile; fileRef = 011FD85E2A56991300D536BC /* Rectangle.swift */; };
		011FD8612A56995000D536BC /* Triangle.swift in Sources */ = {isa = PBXBuildFile; fileRef = 011FD8602A56995000D536BC /* Triangle.swift */; };
		011FD8652A57E1F500D536BC /* Stack.swift in Sources */ = {isa = PBXBuildFile; fileRef = 011FD8642A57E1F500D536BC /* Stack.swift */; };
		011FD8672A57E26C00D536BC /* IntArrayStack.swift in Sources */ = {isa = PBXBuildFile; fileRef = 011FD8662A57E26C00D536BC /* IntArrayStack.swift */; };
/* End PBXBuildFile section */

/* Begin PBXCopyFilesBuildPhase section */
		011FD84E2A56974400D536BC /* CopyFiles */ = {
			isa = PBXCopyFilesBuildPhase;
			buildActionMask = 2147483647;
			dstPath = /usr/share/man/man1/;
			dstSubfolderSpec = 0;
			files = (
			);
			runOnlyForDeploymentPostprocessing = 1;
		};
/* End PBXCopyFilesBuildPhase section */

/* Begin PBXFileReference section */
		011FD8502A56974400D536BC /* DZ_4 */ = {isa = PBXFileReference; explicitFileType = "compiled.mach-o.executable"; includeInIndex = 0; path = DZ_4; sourceTree = BUILT_PRODUCTS_DIR; };
		011FD8532A56974400D536BC /* main.swift */ = {isa = PBXFileReference; lastKnownFileType = sourcecode.swift; path = main.swift; sourceTree = "<group>"; };
		011FD85A2A56976B00D536BC /* Mesurable.swift */ = {isa = PBXFileReference; lastKnownFileType = sourcecode.swift; path = Mesurable.swift; sourceTree = "<group>"; };
		011FD85C2A5697A100D536BC /* Circle.swift */ = {isa = PBXFileReference; lastKnownFileType = sourcecode.swift; path = Circle.swift; sourceTree = "<group>"; };
		011FD85E2A56991300D536BC /* Rectangle.swift */ = {isa = PBXFileReference; lastKnownFileType = sourcecode.swift; path = Rectangle.swift; sourceTree = "<group>"; };
		011FD8602A56995000D536BC /* Triangle.swift */ = {isa = PBXFileReference; lastKnownFileType = sourcecode.swift; path = Triangle.swift; sourceTree = "<group>"; };
		011FD8642A57E1F500D536BC /* Stack.swift */ = {isa = PBXFileReference; lastKnownFileType = sourcecode.swift; path = Stack.swift; sourceTree = "<group>"; };
		011FD8662A57E26C00D536BC /* IntArrayStack.swift */ = {isa = PBXFileReference; lastKnownFileType = sourcecode.swift; path = IntArrayStack.swift; sourceTree = "<group>"; };
/* End PBXFileReference section */

/* Begin PBXFrameworksBuildPhase section */
		011FD84D2A56974400D536BC /* Frameworks */ = {
			isa = PBXFrameworksBuildPhase;
			buildActionMask = 2147483647;
			files = (
			);
			runOnlyForDeploymentPostprocessing = 0;
		};
/* End PBXFrameworksBuildPhase section */

/* Begin PBXGroup section */
		011FD8472A56974400D536BC = {
			isa = PBXGroup;
			children = (
				011FD8522A56974400D536BC /* DZ_4 */,
				011FD8512A56974400D536BC /* Products */,
			);
			sourceTree = "<group>";
		};
		011FD8512A56974400D536BC /* Products */ = {
			isa = PBXGroup;
			children = (
				011FD8502A56974400D536BC /* DZ_4 */,
			);
			name = Products;
			sourceTree = "<group>";
		};
		011FD8522A56974400D536BC /* DZ_4 */ = {
			isa = PBXGroup;
			children = (
				011FD8632A57E1EA00D536BC /* Stack */,
				011FD8532A56974400D536BC /* main.swift */,
				011FD8622A57E1D000D536BC /* Geometry */,
			);
			path = DZ_4;
			sourceTree = "<group>";
		};
		011FD8622A57E1D000D536BC /* Geometry */ = {
			isa = PBXGroup;
			children = (
				011FD85E2A56991300D536BC /* Rectangle.swift */,
				011FD85C2A5697A100D536BC /* Circle.swift */,
				011FD8602A56995000D536BC /* Triangle.swift */,
				011FD85A2A56976B00D536BC /* Mesurable.swift */,
			);
			path = Geometry;
			sourceTree = "<group>";
		};
		011FD8632A57E1EA00D536BC /* Stack */ = {
			isa = PBXGroup;
			children = (
				011FD8642A57E1F500D536BC /* Stack.swift */,
				011FD8662A57E26C00D536BC /* IntArrayStack.swift */,
			);
			path = Stack;
			sourceTree = "<group>";
		};
/* End PBXGroup section */

/* Begin PBXNativeTarget section */
		011FD84F2A56974400D536BC /* DZ_4 */ = {
			isa = PBXNativeTarget;
			buildConfigurationList = 011FD8572A56974400D536BC /* Build configuration list for PBXNativeTarget "DZ_4" */;
			buildPhases = (
				011FD84C2A56974400D536BC /* Sources */,
				011FD84D2A56974400D536BC /* Frameworks */,
				011FD84E2A56974400D536BC /* CopyFiles */,
			);
			buildRules = (
			);
			dependencies = (
			);
			name = DZ_4;
			productName = DZ_4;
			productReference = 011FD8502A56974400D536BC /* DZ_4 */;
			productType = "com.apple.product-type.tool";
		};
/* End PBXNativeTarget section */

/* Begin PBXProject section */
		011FD8482A56974400D536BC /* Project object */ = {
			isa = PBXProject;
			attributes = {
				BuildIndependentTargetsInParallel = 1;
				LastSwiftUpdateCheck = 1410;
				LastUpgradeCheck = 1410;
				TargetAttributes = {
					011FD84F2A56974400D536BC = {
						CreatedOnToolsVersion = 14.1;
					};
				};
			};
			buildConfigurationList = 011FD84B2A56974400D536BC /* Build configuration list for PBXProject "DZ_4" */;
			compatibilityVersion = "Xcode 14.0";
			developmentRegion = en;
			hasScannedForEncodings = 0;
			knownRegions = (
				en,
				Base,
			);
			mainGroup = 011FD8472A56974400D536BC;
			productRefGroup = 011FD8512A56974400D536BC /* Products */;
			projectDirPath = "";
			projectRoot = "";
			targets = (
				011FD84F2A56974400D536BC /* DZ_4 */,
			);
		};
/* End PBXProject section */

/* Begin PBXSourcesBuildPhase section */
		011FD84C2A56974400D536BC /* Sources */ = {
			isa = PBXSourcesBuildPhase;
			buildActionMask = 2147483647;
			files = (
				011FD85B2A56976B00D536BC /* Mesurable.swift in Sources */,
				011FD8672A57E26C00D536BC /* IntArrayStack.swift in Sources */,
				011FD8542A56974400D536BC /* main.swift in Sources */,
				011FD8612A56995000D536BC /* Triangle.swift in Sources */,
				011FD85D2A5697A100D536BC /* Circle.swift in Sources */,
				011FD8652A57E1F500D536BC /* Stack.swift in Sources */,
				011FD85F2A56991300D536BC /* Rectangle.swift in Sources */,
			);
			runOnlyForDeploymentPostprocessing = 0;
		};
/* End PBXSourcesBuildPhase section */

/* Begin XCBuildConfiguration section */
		011FD8552A56974400D536BC /* Debug */ = {
			isa = XCBuildConfiguration;
			buildSettings = {
				ALWAYS_SEARCH_USER_PATHS = NO;
				CLANG_ANALYZER_NONNULL = YES;
				CLANG_ANALYZER_NUMBER_OBJECT_CONVERSION = YES_AGGRESSIVE;
				CLANG_CXX_LANGUAGE_STANDARD = "gnu++20";
				CLANG_ENABLE_MODULES = YES;
				CLANG_ENABLE_OBJC_ARC = YES;
				CLANG_ENABLE_OBJC_WEAK = YES;
				CLANG_WARN_BLOCK_CAPTURE_AUTORELEASING = YES;
				CLANG_WARN_BOOL_CONVERSION = YES;
				CLANG_WARN_COMMA = YES;
				CLANG_WARN_CONSTANT_CONVERSION = YES;
				CLANG_WARN_DEPRECATED_OBJC_IMPLEMENTATIONS = YES;
				CLANG_WARN_DIRECT_OBJC_ISA_USAGE = YES_ERROR;
				CLANG_WARN_DOCUMENTATION_COMMENTS = YES;
				CLANG_WARN_EMPTY_BODY = YES;
				CLANG_WARN_ENUM_CONVERSION = YES;
				CLANG_WARN_INFINITE_RECURSION = YES;
				CLANG_WARN_INT_CONVERSION = YES;
				CLANG_WARN_NON_LITERAL_NULL_CONVERSION = YES;
				CLANG_WARN_OBJC_IMPLICIT_RETAIN_SELF = YES;
				CLANG_WARN_OBJC_LITERAL_CONVERSION = YES;
				CLANG_WARN_OBJC_ROOT_CLASS = YES_ERROR;
				CLANG_WARN_QUOTED_INCLUDE_IN_FRAMEWORK_HEADER = YES;
				CLANG_WARN_RANGE_LOOP_ANALYSIS = YES;
				CLANG_WARN_STRICT_PROTOTYPES = YES;
				CLANG_WARN_SUSPICIOUS_MOVE = YES;
				CLANG_WARN_UNGUARDED_AVAILABILITY = YES_AGGRESSIVE;
				CLANG_WARN_UNREACHABLE_CODE = YES;
				CLANG_WARN__DUPLICATE_METHOD_MATCH = YES;
				COPY_PHASE_STRIP = NO;
				DEBUG_INFORMATION_FORMAT = dwarf;
				ENABLE_STRICT_OBJC_MSGSEND = YES;
				ENABLE_TESTABILITY = YES;
				GCC_C_LANGUAGE_STANDARD = gnu11;
				GCC_DYNAMIC_NO_PIC = NO;
				GCC_NO_COMMON_BLOCKS = YES;
				GCC_OPTIMIZATION_LEVEL = 0;
				GCC_PREPROCESSOR_DEFINITIONS = (
					"DEBUG=1",
					"$(inherited)",
				);
				GCC_WARN_64_TO_32_BIT_CONVERSION = YES;
				GCC_WARN_ABOUT_RETURN_TYPE = YES_ERROR;
				GCC_WARN_UNDECLARED_SELECTOR = YES;
				GCC_WARN_UNINITIALIZED_AUTOS = YES_AGGRESSIVE;
				GCC_WARN_UNUSED_FUNCTION = YES;
				GCC_WARN_UNUSED_VARIABLE = YES;
				MACOSX_DEPLOYMENT_TARGET = 12.6;
				MTL_ENABLE_DEBUG_INFO = INCLUDE_SOURCE;
				MTL_FAST_MATH = YES;
				ONLY_ACTIVE_ARCH = YES;
				SDKROOT = macosx;
				SWIFT_ACTIVE_COMPILATION_CONDITIONS = DEBUG;
				SWIFT_OPTIMIZATION_LEVEL = "-Onone";
			};
			name = Debug;
		};
		011FD8562A56974400D536BC /* Release */ = {
			isa = XCBuildConfiguration;
			buildSettings = {
				ALWAYS_SEARCH_USER_PATHS = NO;
				CLANG_ANALYZER_NONNULL = YES;
				CLANG_ANALYZER_NUMBER_OBJECT_CONVERSION = YES_AGGRESSIVE;
				CLANG_CXX_LANGUAGE_STANDARD = "gnu++20";
				CLANG_ENABLE_MODULES = YES;
				CLANG_ENABLE_OBJC_ARC = YES;
				CLANG_ENABLE_OBJC_WEAK = YES;
				CLANG_WARN_BLOCK_CAPTURE_AUTORELEASING = YES;
				CLANG_WARN_BOOL_CONVERSION = YES;
				CLANG_WARN_COMMA = YES;
				CLANG_WARN_CONSTANT_CONVERSION = YES;
				CLANG_WARN_DEPRECATED_OBJC_IMPLEMENTATIONS = YES;
				CLANG_WARN_DIRECT_OBJC_ISA_USAGE = YES_ERROR;
				CLANG_WARN_DOCUMENTATION_COMMENTS = YES;
				CLANG_WARN_EMPTY_BODY = YES;
				CLANG_WARN_ENUM_CONVERSION = YES;
				CLANG_WARN_INFINITE_RECURSION = YES;
				CLANG_WARN_INT_CONVERSION = YES;
				CLANG_WARN_NON_LITERAL_NULL_CONVERSION = YES;
				CLANG_WARN_OBJC_IMPLICIT_RETAIN_SELF = YES;
				CLANG_WARN_OBJC_LITERAL_CONVERSION = YES;
				CLANG_WARN_OBJC_ROOT_CLASS = YES_ERROR;
				CLANG_WARN_QUOTED_INCLUDE_IN_FRAMEWORK_HEADER = YES;
				CLANG_WARN_RANGE_LOOP_ANALYSIS = YES;
				CLANG_WARN_STRICT_PROTOTYPES = YES;
				CLANG_WARN_SUSPICIOUS_MOVE = YES;
				CLANG_WARN_UNGUARDED_AVAILABILITY = YES_AGGRESSIVE;
				CLANG_WARN_UNREACHABLE_CODE = YES;
				CLANG_WARN__DUPLICATE_METHOD_MATCH = YES;
				COPY_PHASE_STRIP = NO;
				DEBUG_INFORMATION_FORMAT = "dwarf-with-dsym";
				ENABLE_NS_ASSERTIONS = NO;
				ENABLE_STRICT_OBJC_MSGSEND = YES;
				GCC_C_LANGUAGE_STANDARD = gnu11;
				GCC_NO_COMMON_BLOCKS = YES;
				GCC_WARN_64_TO_32_BIT_CONVERSION = YES;
				GCC_WARN_ABOUT_RETURN_TYPE = YES_ERROR;
				GCC_WARN_UNDECLARED_SELECTOR = YES;
				GCC_WARN_UNINITIALIZED_AUTOS = YES_AGGRESSIVE;
				GCC_WARN_UNUSED_FUNCTION = YES;
				GCC_WARN_UNUSED_VARIABLE = YES;
				MACOSX_DEPLOYMENT_TARGET = 12.6;
				MTL_ENABLE_DEBUG_INFO = NO;
				MTL_FAST_MATH = YES;
				SDKROOT = macosx;
				SWIFT_COMPILATION_MODE = wholemodule;
				SWIFT_OPTIMIZATION_LEVEL = "-O";
			};
			name = Release;
		};
		011FD8582A56974400D536BC /* Debug */ = {
			isa = XCBuildConfiguration;
			buildSettings = {
				CODE_SIGN_STYLE = Automatic;
				DEVELOPMENT_TEAM = 8P52HZWYBV;
				ENABLE_HARDENED_RUNTIME = YES;
				PRODUCT_NAME = "$(TARGET_NAME)";
				SWIFT_VERSION = 5.0;
			};
			name = Debug;
		};
		011FD8592A56974400D536BC /* Release */ = {
			isa = XCBuildConfiguration;
			buildSettings = {
				CODE_SIGN_STYLE = Automatic;
				DEVELOPMENT_TEAM = 8P52HZWYBV;
				ENABLE_HARDENED_RUNTIME = YES;
				PRODUCT_NAME = "$(TARGET_NAME)";
				SWIFT_VERSION = 5.0;
			};
			name = Release;
		};
/* End XCBuildConfiguration section */

/* Begin XCConfigurationList section */
		011FD84B2A56974400D536BC /* Build configuration list for PBXProject "DZ_4" */ = {
			isa = XCConfigurationList;
			buildConfigurations = (
				011FD8552A56974400D536BC /* Debug */,
				011FD8562A56974400D536BC /* Release */,
			);
			defaultConfigurationIsVisible = 0;
			defaultConfigurationName = Release;
		};
		011FD8572A56974400D536BC /* Build configuration list for PBXNativeTarget "DZ_4" */ = {
			isa = XCConfigurationList;
			buildConfigurations = (
				011FD8582A56974400D536BC /* Debug */,
				011FD8592A56974400D536BC /* Release */,
			);
			defaultConfigurationIsVisible = 0;
			defaultConfigurationName = Release;
		};
/* End XCConfigurationList section */
	};
	rootObject = 011FD8482A56974400D536BC /* Project object */;
}
